{
  "name": "webidl-haxe",
  "lockfileVersion": 2,
  "requires": true,
  "packages": {
    "": {
      "dependencies": {
        "@webref/idl": "^2.8.1"
      }
    },
    "node_modules/@webref/idl": {
      "version": "2.8.1",
      "resolved": "https://registry.npmjs.org/@webref/idl/-/idl-2.8.1.tgz",
      "integrity": "sha512-TJmcYtZbGhSXFUzWJMoUm4BxWV/MNTAvG/Dwh5JtNHoSuXxGStUFopu1Ed6AxQ0LAUhQxsihCQg4cFPkrmoajQ==",
      "peerDependencies": {
        "webidl2": "^24.2.0"
      }
    },
    "node_modules/webidl2": {
      "version": "24.2.0",
      "resolved": "https://registry.npmjs.org/webidl2/-/webidl2-24.2.0.tgz",
      "integrity": "sha512-Danl5J4EIs3c9uZSd261xY2HxMgy9PSlybdm4f+uuskBuxPelcKGEVlk6HDCw0WTUnaJ6ovx0qOcR5pikAujKQ==",
      "peer": true
    }
  },
  "dependencies": {
    "@webref/idl": {
      "version": "2.8.1",
      "resolved": "https://registry.npmjs.org/@webref/idl/-/idl-2.8.1.tgz",
      "integrity": "sha512-TJmcYtZbGhSXFUzWJMoUm4BxWV/MNTAvG/Dwh5JtNHoSuXxGStUFopu1Ed6AxQ0LAUhQxsihCQg4cFPkrmoajQ==",
      "requires": {}
    },
    "webidl2": {
      "version": "24.2.0",
      "resolved": "https://registry.npmjs.org/webidl2/-/webidl2-24.2.0.tgz",
      "integrity": "sha512-Danl5J4EIs3c9uZSd261xY2HxMgy9PSlybdm4f+uuskBuxPelcKGEVlk6HDCw0WTUnaJ6ovx0qOcR5pikAujKQ==",
      "peer": true
    }
  }
}
